
Microsoft Visual Studio Solution File, Format Version 12.00
# Visual Studio 2013
VisualStudioVersion = 12.0.30723.0
MinimumVisualStudioVersion = 10.0.40219.1
Project("{2150E333-8FDC-42A3-9474-1A3956D46DE8}") = "Wykop", "Wykop", "{79F07083-2EB4-436E-A54A-DFA210578250}"
EndProject
Project("{D954291E-2A0B-460D-934E-DC6B0785DB48}") = "Wykop.Shared", "Wykop\Wykop.Shared\Wykop.Shared.shproj", "{09EB7A1A-F2E4-4ACB-8F63-39AA079D3789}"
EndProject
Project("{FAE04EC0-301F-11D3-BF4B-00C04F79EFBC}") = "Wykop.Windows", "Wykop\Wykop.Windows\Wykop.Windows.csproj", "{7AE37AC0-D2BF-4BC0-9CCF-7911F0929F67}"
EndProject
Project("{FAE04EC0-301F-11D3-BF4B-00C04F79EFBC}") = "Wykop.WindowsPhone", "Wykop\Wykop.WindowsPhone\Wykop.WindowsPhone.csproj", "{D4299EEC-7368-4381-B217-FAA3643D9B08}"
EndProject
Project("{FAE04EC0-301F-11D3-BF4B-00C04F79EFBC}") = "Wykop.ApiProvider", "Wykop.ApiProvider\Wykop.ApiProvider.csproj", "{FDFD4022-30CD-4447-9A72-04B0DC847A94}"
EndProject
Project("{FAE04EC0-301F-11D3-BF4B-00C04F79EFBC}") = "Wykop.ApiProvider.UnitTests", "Wykop.ApiProvider.UnitTests\Wykop.ApiProvider.UnitTests.csproj", "{F0EA255A-71DF-4D9F-B990-B96579580C96}"
EndProject
Project("{FAE04EC0-301F-11D3-BF4B-00C04F79EFBC}") = "Wykop.Windows.UnitTests", "Wykop.Windows.UnitTests\Wykop.Windows.UnitTests.csproj", "{7424B96C-F319-4802-9EC7-F7205537D02F}"
EndProject
Global
	GlobalSection(SharedMSBuildProjectFiles) = preSolution
		Wykop\Wykop.Shared\Wykop.Shared.projitems*{09eb7a1a-f2e4-4acb-8f63-39aa079d3789}*SharedItemsImports = 13
		Wykop\Wykop.Shared\Wykop.Shared.projitems*{7ae37ac0-d2bf-4bc0-9ccf-7911f0929f67}*SharedItemsImports = 4
		Wykop\Wykop.Shared\Wykop.Shared.projitems*{d4299eec-7368-4381-b217-faa3643d9b08}*SharedItemsImports = 4
	EndGlobalSection
	GlobalSection(SolutionConfigurationPlatforms) = preSolution
		Debug|Any CPU = Debug|Any CPU
		Debug|ARM = Debug|ARM
		Debug|x64 = Debug|x64
		Debug|x86 = Debug|x86
		Release|Any CPU = Release|Any CPU
		Release|ARM = Release|ARM
		Release|x64 = Release|x64
		Release|x86 = Release|x86
		UnitTests_NoPostharp|Any CPU = UnitTests_NoPostharp|Any CPU
		UnitTests_NoPostharp|ARM = UnitTests_NoPostharp|ARM
		UnitTests_NoPostharp|x64 = UnitTests_NoPostharp|x64
		UnitTests_NoPostharp|x86 = UnitTests_NoPostharp|x86
	EndGlobalSection
	GlobalSection(ProjectConfigurationPlatforms) = postSolution
		{7AE37AC0-D2BF-4BC0-9CCF-7911F0929F67}.Debug|Any CPU.ActiveCfg = Debug|Any CPU
		{7AE37AC0-D2BF-4BC0-9CCF-7911F0929F67}.Debug|Any CPU.Build.0 = Debug|Any CPU
		{7AE37AC0-D2BF-4BC0-9CCF-7911F0929F67}.Debug|Any CPU.Deploy.0 = Debug|Any CPU
		{7AE37AC0-D2BF-4BC0-9CCF-7911F0929F67}.Debug|ARM.ActiveCfg = Debug|ARM
		{7AE37AC0-D2BF-4BC0-9CCF-7911F0929F67}.Debug|ARM.Build.0 = Debug|ARM
		{7AE37AC0-D2BF-4BC0-9CCF-7911F0929F67}.Debug|ARM.Deploy.0 = Debug|ARM
		{7AE37AC0-D2BF-4BC0-9CCF-7911F0929F67}.Debug|x64.ActiveCfg = Debug|x64
		{7AE37AC0-D2BF-4BC0-9CCF-7911F0929F67}.Debug|x64.Build.0 = Debug|x64
		{7AE37AC0-D2BF-4BC0-9CCF-7911F0929F67}.Debug|x64.Deploy.0 = Debug|x64
		{7AE37AC0-D2BF-4BC0-9CCF-7911F0929F67}.Debug|x86.ActiveCfg = Debug|x86
		{7AE37AC0-D2BF-4BC0-9CCF-7911F0929F67}.Debug|x86.Build.0 = Debug|x86
		{7AE37AC0-D2BF-4BC0-9CCF-7911F0929F67}.Debug|x86.Deploy.0 = Debug|x86
		{7AE37AC0-D2BF-4BC0-9CCF-7911F0929F67}.Release|Any CPU.ActiveCfg = Release|Any CPU
		{7AE37AC0-D2BF-4BC0-9CCF-7911F0929F67}.Release|Any CPU.Build.0 = Release|Any CPU
		{7AE37AC0-D2BF-4BC0-9CCF-7911F0929F67}.Release|Any CPU.Deploy.0 = Release|Any CPU
		{7AE37AC0-D2BF-4BC0-9CCF-7911F0929F67}.Release|ARM.ActiveCfg = Release|ARM
		{7AE37AC0-D2BF-4BC0-9CCF-7911F0929F67}.Release|ARM.Build.0 = Release|ARM
		{7AE37AC0-D2BF-4BC0-9CCF-7911F0929F67}.Release|ARM.Deploy.0 = Release|ARM
		{7AE37AC0-D2BF-4BC0-9CCF-7911F0929F67}.Release|x64.ActiveCfg = Release|x64
		{7AE37AC0-D2BF-4BC0-9CCF-7911F0929F67}.Release|x64.Build.0 = Release|x64
		{7AE37AC0-D2BF-4BC0-9CCF-7911F0929F67}.Release|x64.Deploy.0 = Release|x64
		{7AE37AC0-D2BF-4BC0-9CCF-7911F0929F67}.Release|x86.ActiveCfg = Release|x86
		{7AE37AC0-D2BF-4BC0-9CCF-7911F0929F67}.Release|x86.Build.0 = Release|x86
		{7AE37AC0-D2BF-4BC0-9CCF-7911F0929F67}.Release|x86.Deploy.0 = Release|x86
		{7AE37AC0-D2BF-4BC0-9CCF-7911F0929F67}.UnitTests_NoPostharp|Any CPU.ActiveCfg = UnitTests_NoPostharp|Any CPU
		{7AE37AC0-D2BF-4BC0-9CCF-7911F0929F67}.UnitTests_NoPostharp|Any CPU.Build.0 = UnitTests_NoPostharp|Any CPU
		{7AE37AC0-D2BF-4BC0-9CCF-7911F0929F67}.UnitTests_NoPostharp|Any CPU.Deploy.0 = UnitTests_NoPostharp|Any CPU
		{7AE37AC0-D2BF-4BC0-9CCF-7911F0929F67}.UnitTests_NoPostharp|ARM.ActiveCfg = UnitTests_NoPostharp|ARM
		{7AE37AC0-D2BF-4BC0-9CCF-7911F0929F67}.UnitTests_NoPostharp|ARM.Build.0 = UnitTests_NoPostharp|ARM
		{7AE37AC0-D2BF-4BC0-9CCF-7911F0929F67}.UnitTests_NoPostharp|ARM.Deploy.0 = UnitTests_NoPostharp|ARM
		{7AE37AC0-D2BF-4BC0-9CCF-7911F0929F67}.UnitTests_NoPostharp|x64.ActiveCfg = UnitTests_NoPostharp|x64
		{7AE37AC0-D2BF-4BC0-9CCF-7911F0929F67}.UnitTests_NoPostharp|x64.Build.0 = UnitTests_NoPostharp|x64
		{7AE37AC0-D2BF-4BC0-9CCF-7911F0929F67}.UnitTests_NoPostharp|x64.Deploy.0 = UnitTests_NoPostharp|x64
		{7AE37AC0-D2BF-4BC0-9CCF-7911F0929F67}.UnitTests_NoPostharp|x86.ActiveCfg = UnitTests_NoPostharp|x86
		{7AE37AC0-D2BF-4BC0-9CCF-7911F0929F67}.UnitTests_NoPostharp|x86.Build.0 = UnitTests_NoPostharp|x86
		{7AE37AC0-D2BF-4BC0-9CCF-7911F0929F67}.UnitTests_NoPostharp|x86.Deploy.0 = UnitTests_NoPostharp|x86
		{D4299EEC-7368-4381-B217-FAA3643D9B08}.Debug|Any CPU.ActiveCfg = Debug|Any CPU
		{D4299EEC-7368-4381-B217-FAA3643D9B08}.Debug|Any CPU.Build.0 = Debug|Any CPU
		{D4299EEC-7368-4381-B217-FAA3643D9B08}.Debug|Any CPU.Deploy.0 = Debug|Any CPU
		{D4299EEC-7368-4381-B217-FAA3643D9B08}.Debug|ARM.ActiveCfg = Debug|ARM
		{D4299EEC-7368-4381-B217-FAA3643D9B08}.Debug|ARM.Build.0 = Debug|ARM
		{D4299EEC-7368-4381-B217-FAA3643D9B08}.Debug|ARM.Deploy.0 = Debug|ARM
		{D4299EEC-7368-4381-B217-FAA3643D9B08}.Debug|x64.ActiveCfg = Debug|Any CPU
		{D4299EEC-7368-4381-B217-FAA3643D9B08}.Debug|x86.ActiveCfg = Debug|x86
		{D4299EEC-7368-4381-B217-FAA3643D9B08}.Debug|x86.Build.0 = Debug|x86
		{D4299EEC-7368-4381-B217-FAA3643D9B08}.Debug|x86.Deploy.0 = Debug|x86
		{D4299EEC-7368-4381-B217-FAA3643D9B08}.Release|Any CPU.ActiveCfg = Release|Any CPU
		{D4299EEC-7368-4381-B217-FAA3643D9B08}.Release|Any CPU.Build.0 = Release|Any CPU
		{D4299EEC-7368-4381-B217-FAA3643D9B08}.Release|Any CPU.Deploy.0 = Release|Any CPU
		{D4299EEC-7368-4381-B217-FAA3643D9B08}.Release|ARM.ActiveCfg = Release|ARM
		{D4299EEC-7368-4381-B217-FAA3643D9B08}.Release|ARM.Build.0 = Release|ARM
		{D4299EEC-7368-4381-B217-FAA3643D9B08}.Release|ARM.Deploy.0 = Release|ARM
		{D4299EEC-7368-4381-B217-FAA3643D9B08}.Release|x64.ActiveCfg = Release|Any CPU
		{D4299EEC-7368-4381-B217-FAA3643D9B08}.Release|x86.ActiveCfg = Release|x86
		{D4299EEC-7368-4381-B217-FAA3643D9B08}.Release|x86.Build.0 = Release|x86
		{D4299EEC-7368-4381-B217-FAA3643D9B08}.Release|x86.Deploy.0 = Release|x86
		{D4299EEC-7368-4381-B217-FAA3643D9B08}.UnitTests_NoPostharp|Any CPU.ActiveCfg = UnitTests_NoPostharp|Any CPU
		{D4299EEC-7368-4381-B217-FAA3643D9B08}.UnitTests_NoPostharp|Any CPU.Build.0 = UnitTests_NoPostharp|Any CPU
		{D4299EEC-7368-4381-B217-FAA3643D9B08}.UnitTests_NoPostharp|Any CPU.Deploy.0 = UnitTests_NoPostharp|Any CPU
		{D4299EEC-7368-4381-B217-FAA3643D9B08}.UnitTests_NoPostharp|ARM.ActiveCfg = UnitTests_NoPostharp|ARM
		{D4299EEC-7368-4381-B217-FAA3643D9B08}.UnitTests_NoPostharp|ARM.Build.0 = UnitTests_NoPostharp|ARM
		{D4299EEC-7368-4381-B217-FAA3643D9B08}.UnitTests_NoPostharp|ARM.Deploy.0 = UnitTests_NoPostharp|ARM
		{D4299EEC-7368-4381-B217-FAA3643D9B08}.UnitTests_NoPostharp|x64.ActiveCfg = UnitTests_NoPostharp|Any CPU
		{D4299EEC-7368-4381-B217-FAA3643D9B08}.UnitTests_NoPostharp|x86.ActiveCfg = UnitTests_NoPostharp|x86
		{D4299EEC-7368-4381-B217-FAA3643D9B08}.UnitTests_NoPostharp|x86.Build.0 = UnitTests_NoPostharp|x86
		{D4299EEC-7368-4381-B217-FAA3643D9B08}.UnitTests_NoPostharp|x86.Deploy.0 = UnitTests_NoPostharp|x86
		{FDFD4022-30CD-4447-9A72-04B0DC847A94}.Debug|Any CPU.ActiveCfg = Debug|Any CPU
		{FDFD4022-30CD-4447-9A72-04B0DC847A94}.Debug|Any CPU.Build.0 = Debug|Any CPU
		{FDFD4022-30CD-4447-9A72-04B0DC847A94}.Debug|ARM.ActiveCfg = Debug|Any CPU
		{FDFD4022-30CD-4447-9A72-04B0DC847A94}.Debug|x64.ActiveCfg = Debug|Any CPU
		{FDFD4022-30CD-4447-9A72-04B0DC847A94}.Debug|x86.ActiveCfg = Debug|Any CPU
		{FDFD4022-30CD-4447-9A72-04B0DC847A94}.Release|Any CPU.ActiveCfg = Release|Any CPU
		{FDFD4022-30CD-4447-9A72-04B0DC847A94}.Release|Any CPU.Build.0 = Release|Any CPU
		{FDFD4022-30CD-4447-9A72-04B0DC847A94}.Release|ARM.ActiveCfg = Release|Any CPU
		{FDFD4022-30CD-4447-9A72-04B0DC847A94}.Release|x64.ActiveCfg = Release|Any CPU
		{FDFD4022-30CD-4447-9A72-04B0DC847A94}.Release|x86.ActiveCfg = Release|Any CPU
		{FDFD4022-30CD-4447-9A72-04B0DC847A94}.UnitTests_NoPostharp|Any CPU.ActiveCfg = UnitTests_NoPostharp|Any CPU
		{FDFD4022-30CD-4447-9A72-04B0DC847A94}.UnitTests_NoPostharp|Any CPU.Build.0 = UnitTests_NoPostharp|Any CPU
		{FDFD4022-30CD-4447-9A72-04B0DC847A94}.UnitTests_NoPostharp|ARM.ActiveCfg = UnitTests_NoPostharp|Any CPU
		{FDFD4022-30CD-4447-9A72-04B0DC847A94}.UnitTests_NoPostharp|x64.ActiveCfg = UnitTests_NoPostharp|Any CPU
		{FDFD4022-30CD-4447-9A72-04B0DC847A94}.UnitTests_NoPostharp|x86.ActiveCfg = UnitTests_NoPostharp|Any CPU
		{F0EA255A-71DF-4D9F-B990-B96579580C96}.Debug|Any CPU.ActiveCfg = Debug|Any CPU
		{F0EA255A-71DF-4D9F-B990-B96579580C96}.Debug|Any CPU.Build.0 = Debug|Any CPU
		{F0EA255A-71DF-4D9F-B990-B96579580C96}.Debug|Any CPU.Deploy.0 = Debug|Any CPU
		{F0EA255A-71DF-4D9F-B990-B96579580C96}.Debug|ARM.ActiveCfg = Debug|ARM
		{F0EA255A-71DF-4D9F-B990-B96579580C96}.Debug|ARM.Build.0 = Debug|ARM
		{F0EA255A-71DF-4D9F-B990-B96579580C96}.Debug|ARM.Deploy.0 = Debug|ARM
		{F0EA255A-71DF-4D9F-B990-B96579580C96}.Debug|x64.ActiveCfg = Debug|x64
		{F0EA255A-71DF-4D9F-B990-B96579580C96}.Debug|x64.Build.0 = Debug|x64
		{F0EA255A-71DF-4D9F-B990-B96579580C96}.Debug|x64.Deploy.0 = Debug|x64
		{F0EA255A-71DF-4D9F-B990-B96579580C96}.Debug|x86.ActiveCfg = Debug|x86
		{F0EA255A-71DF-4D9F-B990-B96579580C96}.Debug|x86.Build.0 = Debug|x86
		{F0EA255A-71DF-4D9F-B990-B96579580C96}.Debug|x86.Deploy.0 = Debug|x86
		{F0EA255A-71DF-4D9F-B990-B96579580C96}.Release|Any CPU.ActiveCfg = Release|Any CPU
		{F0EA255A-71DF-4D9F-B990-B96579580C96}.Release|Any CPU.Build.0 = Release|Any CPU
		{F0EA255A-71DF-4D9F-B990-B96579580C96}.Release|Any CPU.Deploy.0 = Release|Any CPU
		{F0EA255A-71DF-4D9F-B990-B96579580C96}.Release|ARM.ActiveCfg = Release|ARM
		{F0EA255A-71DF-4D9F-B990-B96579580C96}.Release|ARM.Build.0 = Release|ARM
		{F0EA255A-71DF-4D9F-B990-B96579580C96}.Release|ARM.Deploy.0 = Release|ARM
		{F0EA255A-71DF-4D9F-B990-B96579580C96}.Release|x64.ActiveCfg = Release|x64
		{F0EA255A-71DF-4D9F-B990-B96579580C96}.Release|x64.Build.0 = Release|x64
		{F0EA255A-71DF-4D9F-B990-B96579580C96}.Release|x64.Deploy.0 = Release|x64
		{F0EA255A-71DF-4D9F-B990-B96579580C96}.Release|x86.ActiveCfg = Release|x86
		{F0EA255A-71DF-4D9F-B990-B96579580C96}.Release|x86.Build.0 = Release|x86
		{F0EA255A-71DF-4D9F-B990-B96579580C96}.Release|x86.Deploy.0 = Release|x86
		{F0EA255A-71DF-4D9F-B990-B96579580C96}.UnitTests_NoPostharp|Any CPU.ActiveCfg = UnitTests_NoPostharp|Any CPU
		{F0EA255A-71DF-4D9F-B990-B96579580C96}.UnitTests_NoPostharp|Any CPU.Build.0 = UnitTests_NoPostharp|Any CPU
		{F0EA255A-71DF-4D9F-B990-B96579580C96}.UnitTests_NoPostharp|Any CPU.Deploy.0 = UnitTests_NoPostharp|Any CPU
		{F0EA255A-71DF-4D9F-B990-B96579580C96}.UnitTests_NoPostharp|ARM.ActiveCfg = UnitTests_NoPostharp|ARM
		{F0EA255A-71DF-4D9F-B990-B96579580C96}.UnitTests_NoPostharp|ARM.Build.0 = UnitTests_NoPostharp|ARM
		{F0EA255A-71DF-4D9F-B990-B96579580C96}.UnitTests_NoPostharp|ARM.Deploy.0 = UnitTests_NoPostharp|ARM
		{F0EA255A-71DF-4D9F-B990-B96579580C96}.UnitTests_NoPostharp|x64.ActiveCfg = UnitTests_NoPostharp|x64
		{F0EA255A-71DF-4D9F-B990-B96579580C96}.UnitTests_NoPostharp|x64.Build.0 = UnitTests_NoPostharp|x64
		{F0EA255A-71DF-4D9F-B990-B96579580C96}.UnitTests_NoPostharp|x64.Deploy.0 = UnitTests_NoPostharp|x64
		{F0EA255A-71DF-4D9F-B990-B96579580C96}.UnitTests_NoPostharp|x86.ActiveCfg = UnitTests_NoPostharp|x86
		{F0EA255A-71DF-4D9F-B990-B96579580C96}.UnitTests_NoPostharp|x86.Build.0 = UnitTests_NoPostharp|x86
		{F0EA255A-71DF-4D9F-B990-B96579580C96}.UnitTests_NoPostharp|x86.Deploy.0 = UnitTests_NoPostharp|x86
		{7424B96C-F319-4802-9EC7-F7205537D02F}.Debug|Any CPU.ActiveCfg = Debug|Any CPU
		{7424B96C-F319-4802-9EC7-F7205537D02F}.Debug|Any CPU.Build.0 = Debug|Any CPU
		{7424B96C-F319-4802-9EC7-F7205537D02F}.Debug|Any CPU.Deploy.0 = Debug|Any CPU
		{7424B96C-F319-4802-9EC7-F7205537D02F}.Debug|ARM.ActiveCfg = Debug|ARM
		{7424B96C-F319-4802-9EC7-F7205537D02F}.Debug|ARM.Build.0 = Debug|ARM
		{7424B96C-F319-4802-9EC7-F7205537D02F}.Debug|ARM.Deploy.0 = Debug|ARM
		{7424B96C-F319-4802-9EC7-F7205537D02F}.Debug|x64.ActiveCfg = Debug|x64
		{7424B96C-F319-4802-9EC7-F7205537D02F}.Debug|x64.Build.0 = Debug|x64
		{7424B96C-F319-4802-9EC7-F7205537D02F}.Debug|x64.Deploy.0 = Debug|x64
		{7424B96C-F319-4802-9EC7-F7205537D02F}.Debug|x86.ActiveCfg = Debug|x86
		{7424B96C-F319-4802-9EC7-F7205537D02F}.Debug|x86.Build.0 = Debug|x86
		{7424B96C-F319-4802-9EC7-F7205537D02F}.Debug|x86.Deploy.0 = Debug|x86
		{7424B96C-F319-4802-9EC7-F7205537D02F}.Release|Any CPU.ActiveCfg = Release|Any CPU
		{7424B96C-F319-4802-9EC7-F7205537D02F}.Release|Any CPU.Build.0 = Release|Any CPU
		{7424B96C-F319-4802-9EC7-F7205537D02F}.Release|Any CPU.Deploy.0 = Release|Any CPU
		{7424B96C-F319-4802-9EC7-F7205537D02F}.Release|ARM.ActiveCfg = Release|ARM
		{7424B96C-F319-4802-9EC7-F7205537D02F}.Release|ARM.Build.0 = Release|ARM
		{7424B96C-F319-4802-9EC7-F7205537D02F}.Release|ARM.Deploy.0 = Release|ARM
		{7424B96C-F319-4802-9EC7-F7205537D02F}.Release|x64.ActiveCfg = Release|x64
		{7424B96C-F319-4802-9EC7-F7205537D02F}.Release|x64.Build.0 = Release|x64
		{7424B96C-F319-4802-9EC7-F7205537D02F}.Release|x64.Deploy.0 = Release|x64
		{7424B96C-F319-4802-9EC7-F7205537D02F}.Release|x86.ActiveCfg = Release|x86
		{7424B96C-F319-4802-9EC7-F7205537D02F}.Release|x86.Build.0 = Release|x86
		{7424B96C-F319-4802-9EC7-F7205537D02F}.Release|x86.Deploy.0 = Release|x86
		{7424B96C-F319-4802-9EC7-F7205537D02F}.UnitTests_NoPostharp|Any CPU.ActiveCfg = UnitTests_NoPostharp|Any CPU
		{7424B96C-F319-4802-9EC7-F7205537D02F}.UnitTests_NoPostharp|Any CPU.Build.0 = UnitTests_NoPostharp|Any CPU
		{7424B96C-F319-4802-9EC7-F7205537D02F}.UnitTests_NoPostharp|Any CPU.Deploy.0 = UnitTests_NoPostharp|Any CPU
		{7424B96C-F319-4802-9EC7-F7205537D02F}.UnitTests_NoPostharp|ARM.ActiveCfg = UnitTests_NoPostharp|ARM
		{7424B96C-F319-4802-9EC7-F7205537D02F}.UnitTests_NoPostharp|ARM.Build.0 = UnitTests_NoPostharp|ARM
		{7424B96C-F319-4802-9EC7-F7205537D02F}.UnitTests_NoPostharp|ARM.Deploy.0 = UnitTests_NoPostharp|ARM
		{7424B96C-F319-4802-9EC7-F7205537D02F}.UnitTests_NoPostharp|x64.ActiveCfg = UnitTests_NoPostharp|x64
		{7424B96C-F319-4802-9EC7-F7205537D02F}.UnitTests_NoPostharp|x64.Build.0 = UnitTests_NoPostharp|x64
		{7424B96C-F319-4802-9EC7-F7205537D02F}.UnitTests_NoPostharp|x64.Deploy.0 = UnitTests_NoPostharp|x64
		{7424B96C-F319-4802-9EC7-F7205537D02F}.UnitTests_NoPostharp|x86.ActiveCfg = UnitTests_NoPostharp|x86
		{7424B96C-F319-4802-9EC7-F7205537D02F}.UnitTests_NoPostharp|x86.Build.0 = UnitTests_NoPostharp|x86
		{7424B96C-F319-4802-9EC7-F7205537D02F}.UnitTests_NoPostharp|x86.Deploy.0 = UnitTests_NoPostharp|x86
	EndGlobalSection
	GlobalSection(SolutionProperties) = preSolution
		HideSolutionNode = FALSE
	EndGlobalSection
	GlobalSection(NestedProjects) = preSolution
		{09EB7A1A-F2E4-4ACB-8F63-39AA079D3789} = {79F07083-2EB4-436E-A54A-DFA210578250}
		{7AE37AC0-D2BF-4BC0-9CCF-7911F0929F67} = {79F07083-2EB4-436E-A54A-DFA210578250}
		{D4299EEC-7368-4381-B217-FAA3643D9B08} = {79F07083-2EB4-436E-A54A-DFA210578250}
	EndGlobalSection
EndGlobal
